
Microsoft Visual Studio Solution File, Format Version 12.00
Project("{FAE04EC0-301F-11D3-BF4B-00C04F79EFBC}") = "OzEditorGUI", "OzEditorGUI\OzEditorGUI.csproj", "{D9F04058-891E-4CD9-BC0E-E8AB191C8E7F}"
EndProject
Project("{FAE04EC0-301F-11D3-BF4B-00C04F79EFBC}") = "OzEditorGUIRuntime", "OzEditorGUIRuntime\OzEditorGUIRuntime.csproj", "{7DC0AABC-B9E8-4130-831A-56AAAB4B8736}"
EndProject
Global
	GlobalSection(SolutionConfigurationPlatforms) = preSolution
		Debug|Any CPU = Debug|Any CPU
		Release|Any CPU = Release|Any CPU
	EndGlobalSection
	GlobalSection(ProjectConfigurationPlatforms) = postSolution
		{D9F04058-891E-4CD9-BC0E-E8AB191C8E7F}.Debug|Any CPU.ActiveCfg = Debug|Any CPU
		{D9F04058-891E-4CD9-BC0E-E8AB191C8E7F}.Debug|Any CPU.Build.0 = Debug|Any CPU
		{D9F04058-891E-4CD9-BC0E-E8AB191C8E7F}.Release|Any CPU.ActiveCfg = Release|Any CPU
		{D9F04058-891E-4CD9-BC0E-E8AB191C8E7F}.Release|Any CPU.Build.0 = Release|Any CPU
		{7DC0AABC-B9E8-4130-831A-56AAAB4B8736}.Debug|Any CPU.ActiveCfg = Debug|Any CPU
		{7DC0AABC-B9E8-4130-831A-56AAAB4B8736}.Debug|Any CPU.Build.0 = Debug|Any CPU
		{7DC0AABC-B9E8-4130-831A-56AAAB4B8736}.Release|Any CPU.ActiveCfg = Release|Any CPU
		{7DC0AABC-B9E8-4130-831A-56AAAB4B8736}.Release|Any CPU.Build.0 = Release|Any CPU
	EndGlobalSection
EndGlobal
